// !$*UTF8*$!
{
	archiveVersion = 1;
	classes = {
	};
	objectVersion = 46;
	objects = {

/* Begin PBXBuildFile section */
		4C3CAB051BFF339E009B4DF0 /* Localizable.strings in Resources */ = {isa = PBXBuildFile; fileRef = 4C3CAB071BFF339E009B4DF0 /* Localizable.strings */; };
		4C487E781BF3A0A400E595DE /* KCAKeyChainAgent.m in Sources */ = {isa = PBXBuildFile; fileRef = 4C487E771BF3A0A400E595DE /* KCAKeyChainAgent.m */; };
		4C487E7C1BF3A47700E595DE /* KCASettingsViewController.m in Sources */ = {isa = PBXBuildFile; fileRef = 4C487E7A1BF3A47700E595DE /* KCASettingsViewController.m */; };
		4CDE59481BFA051000C7AF5B /* KeyChainAgentSettings.xib in Resources */ = {isa = PBXBuildFile; fileRef = 4CDE594A1BFA051000C7AF5B /* KeyChainAgentSettings.xib */; };
/* End PBXBuildFile section */

/* Begin PBXCopyFilesBuildPhase section */
		4C967DF31BF61C1800B1838C /* CopyFiles */ = {
			isa = PBXCopyFilesBuildPhase;
			buildActionMask = 2147483647;
			dstPath = "";
			dstSubfolderSpec = 10;
			files = (
			);
			runOnlyForDeploymentPostprocessing = 0;
		};
/* End PBXCopyFilesBuildPhase section */

/* Begin PBXFileReference section */
		4C3CAB011BFF32AB009B4DF0 /* en */ = {isa = PBXFileReference; lastKnownFileType = text.plist.strings; name = en; path = en.lproj/KeyChainAgentSettings.strings; sourceTree = "<group>"; };
		4C3CAB061BFF339E009B4DF0 /* en */ = {isa = PBXFileReference; fileEncoding = 4; lastKnownFileType = text.plist.strings; name = en; path = en.lproj/Localizable.strings; sourceTree = "<group>"; };
		4C3CAB081BFF33AA009B4DF0 /* Base */ = {isa = PBXFileReference; fileEncoding = 4; lastKnownFileType = text.plist.strings; name = Base; path = Base.lproj/Localizable.strings; sourceTree = "<group>"; };
		4C487E6D1BF39FC500E595DE /* KeyChainAgent.mpplugin */ = {isa = PBXFileReference; explicitFileType = wrapper.cfbundle; includeInIndex = 0; path = KeyChainAgent.mpplugin; sourceTree = BUILT_PRODUCTS_DIR; };
		4C487E701BF39FC500E595DE /* Info.plist */ = {isa = PBXFileReference; lastKnownFileType = text.plist.xml; path = Info.plist; sourceTree = "<group>"; };
		4C487E761BF3A0A400E595DE /* KCAKeyChainAgent.h */ = {isa = PBXFileReference; fileEncoding = 4; lastKnownFileType = sourcecode.c.h; path = KCAKeyChainAgent.h; sourceTree = "<group>"; };
		4C487E771BF3A0A400E595DE /* KCAKeyChainAgent.m */ = {isa = PBXFileReference; fileEncoding = 4; lastKnownFileType = sourcecode.c.objc; path = KCAKeyChainAgent.m; sourceTree = "<group>"; };
		4C487E791BF3A47700E595DE /* KCASettingsViewController.h */ = {isa = PBXFileReference; fileEncoding = 4; lastKnownFileType = sourcecode.c.h; path = KCASettingsViewController.h; sourceTree = "<group>"; };
		4C487E7A1BF3A47700E595DE /* KCASettingsViewController.m */ = {isa = PBXFileReference; fileEncoding = 4; lastKnownFileType = sourcecode.c.objc; path = KCASettingsViewController.m; sourceTree = "<group>"; };
		4C5B48D61BFF3AED0036906C /* de */ = {isa = PBXFileReference; lastKnownFileType = text.plist.strings; name = de; path = de.lproj/KeyChainAgentSettings.strings; sourceTree = "<group>"; };
		4C5B48D71BFF3AED0036906C /* de */ = {isa = PBXFileReference; fileEncoding = 4; lastKnownFileType = text.plist.strings; name = de; path = de.lproj/Localizable.strings; sourceTree = "<group>"; };
		4C7E784D1BFF328600DFB924 /* Base */ = {isa = PBXFileReference; lastKnownFileType = file.xib; name = Base; path = Base.lproj/KeyChainAgentSettings.xib; sourceTree = "<group>"; };
/* End PBXFileReference section */

/* Begin PBXFrameworksBuildPhase section */
		4C487E6A1BF39FC500E595DE /* Frameworks */ = {
			isa = PBXFrameworksBuildPhase;
			buildActionMask = 2147483647;
			files = (
			);
			runOnlyForDeploymentPostprocessing = 0;
		};
/* End PBXFrameworksBuildPhase section */

/* Begin PBXGroup section */
		4C10B7411C08D2AE0077E477 /* UI */ = {
			isa = PBXGroup;
			children = (
				4C487E791BF3A47700E595DE /* KCASettingsViewController.h */,
				4C487E7A1BF3A47700E595DE /* KCASettingsViewController.m */,
				4CDE594A1BFA051000C7AF5B /* KeyChainAgentSettings.xib */,
			);
			name = UI;
			sourceTree = "<group>";
		};
		4C487E641BF39FC500E595DE = {
			isa = PBXGroup;
			children = (
				4C7E78491BFF326A00DFB924 /* Localization */,
				4C487E6F1BF39FC500E595DE /* KeyChainAgent */,
				4C487E6E1BF39FC500E595DE /* Products */,
			);
			sourceTree = "<group>";
		};
		4C487E6E1BF39FC500E595DE /* Products */ = {
			isa = PBXGroup;
			children = (
				4C487E6D1BF39FC500E595DE /* KeyChainAgent.mpplugin */,
			);
			name = Products;
			sourceTree = "<group>";
		};
		4C487E6F1BF39FC500E595DE /* KeyChainAgent */ = {
			isa = PBXGroup;
			children = (
				4C10B7411C08D2AE0077E477 /* UI */,
				4C487E761BF3A0A400E595DE /* KCAKeyChainAgent.h */,
				4C487E771BF3A0A400E595DE /* KCAKeyChainAgent.m */,
				4C487E701BF39FC500E595DE /* Info.plist */,
			);
			path = KeyChainAgent;
			sourceTree = "<group>";
		};
		4C7E78491BFF326A00DFB924 /* Localization */ = {
			isa = PBXGroup;
			children = (
				4C3CAB071BFF339E009B4DF0 /* Localizable.strings */,
			);
			name = Localization;
			sourceTree = "<group>";
		};
/* End PBXGroup section */

/* Begin PBXNativeTarget section */
		4C487E6C1BF39FC500E595DE /* KeyChainAgent */ = {
			isa = PBXNativeTarget;
			buildConfigurationList = 4C487E731BF39FC500E595DE /* Build configuration list for PBXNativeTarget "KeyChainAgent" */;
			buildPhases = (
				4C487E691BF39FC500E595DE /* Sources */,
				4C487E6A1BF39FC500E595DE /* Frameworks */,
				4C487E6B1BF39FC500E595DE /* Resources */,
				4CFBACF31C1229A1005D9606 /* Versioning */,
				4C967DF31BF61C1800B1838C /* CopyFiles */,
			);
			buildRules = (
			);
			dependencies = (
			);
			name = KeyChainAgent;
			productName = KeyChainAgent;
			productReference = 4C487E6D1BF39FC500E595DE /* KeyChainAgent.mpplugin */;
			productType = "com.apple.product-type.bundle";
		};
/* End PBXNativeTarget section */

/* Begin PBXProject section */
		4C487E651BF39FC500E595DE /* Project object */ = {
			isa = PBXProject;
			attributes = {
				CLASSPREFIX = KCA;
				LastUpgradeCheck = 0920;
				ORGANIZATIONNAME = VHSchlenker;
				TargetAttributes = {
					4C487E6C1BF39FC500E595DE = {
						CreatedOnToolsVersion = 7.1.1;
					};
				};
			};
			buildConfigurationList = 4C487E681BF39FC500E595DE /* Build configuration list for PBXProject "KeyChainAgent" */;
			compatibilityVersion = "Xcode 3.2";
			developmentRegion = English;
			hasScannedForEncodings = 0;
			knownRegions = (
				en,
				Base,
				de,
			);
			mainGroup = 4C487E641BF39FC500E595DE;
			productRefGroup = 4C487E6E1BF39FC500E595DE /* Products */;
			projectDirPath = "";
			projectRoot = "";
			targets = (
				4C487E6C1BF39FC500E595DE /* KeyChainAgent */,
			);
		};
/* End PBXProject section */

/* Begin PBXResourcesBuildPhase section */
		4C487E6B1BF39FC500E595DE /* Resources */ = {
			isa = PBXResourcesBuildPhase;
			buildActionMask = 2147483647;
			files = (
				4CDE59481BFA051000C7AF5B /* KeyChainAgentSettings.xib in Resources */,
				4C3CAB051BFF339E009B4DF0 /* Localizable.strings in Resources */,
			);
			runOnlyForDeploymentPostprocessing = 0;
		};
/* End PBXResourcesBuildPhase section */

/* Begin PBXShellScriptBuildPhase section */
		4CFBACF31C1229A1005D9606 /* Versioning */ = {
			isa = PBXShellScriptBuildPhase;
			buildActionMask = 2147483647;
			files = (
			);
			inputPaths = (
			);
			name = Versioning;
			outputPaths = (
			);
			runOnlyForDeploymentPostprocessing = 0;
			shellPath = /bin/sh;
			shellScript = "git=`sh /etc/profile; which git`\nbranch_name=`$git symbolic-ref HEAD | sed -e 's,.*/\\\\(.*\\\\),\\\\1,'`\ngit_count=`$git rev-list $branch_name |wc -l | sed 's/^ *//;s/ *$//'`\nsimple_branch_name=`$git rev-parse --abbrev-ref HEAD`\n\nbuild_number=\"${git_count}\"\nif [ $CONFIGURATION != \"Release\" ]; then\nbuild_number+=\"-$simple_branch_name\"\nfi\n\nplist=\"${TARGET_BUILD_DIR}/${INFOPLIST_PATH}\"\ndsym_plist=\"${DWARF_DSYM_FOLDER_PATH}/${DWARF_DSYM_FILE_NAME}/Contents/Info.plist\"\n\n/usr/libexec/PlistBuddy -c \"Set :CFBundleVersion $build_number\" \"$plist\"\nif [ -f \"$DSYM_INFO_PLIST\" ] ; then\n/usr/libexec/PlistBuddy -c \"Set :CFBundleVersion $build_number\" \"$dsym_plist\"\nfi";
			showEnvVarsInLog = 0;
		};
/* End PBXShellScriptBuildPhase section */

/* Begin PBXSourcesBuildPhase section */
		4C487E691BF39FC500E595DE /* Sources */ = {
			isa = PBXSourcesBuildPhase;
			buildActionMask = 2147483647;
			files = (
				4C487E781BF3A0A400E595DE /* KCAKeyChainAgent.m in Sources */,
				4C487E7C1BF3A47700E595DE /* KCASettingsViewController.m in Sources */,
			);
			runOnlyForDeploymentPostprocessing = 0;
		};
/* End PBXSourcesBuildPhase section */

/* Begin PBXVariantGroup section */
		4C3CAB071BFF339E009B4DF0 /* Localizable.strings */ = {
			isa = PBXVariantGroup;
			children = (
				4C3CAB061BFF339E009B4DF0 /* en */,
				4C3CAB081BFF33AA009B4DF0 /* Base */,
				4C5B48D71BFF3AED0036906C /* de */,
			);
			name = Localizable.strings;
			path = KeyChainAgent;
			sourceTree = "<group>";
		};
		4CDE594A1BFA051000C7AF5B /* KeyChainAgentSettings.xib */ = {
			isa = PBXVariantGroup;
			children = (
				4C7E784D1BFF328600DFB924 /* Base */,
				4C3CAB011BFF32AB009B4DF0 /* en */,
				4C5B48D61BFF3AED0036906C /* de */,
			);
			name = KeyChainAgentSettings.xib;
			sourceTree = "<group>";
		};
/* End PBXVariantGroup section */

/* Begin XCBuildConfiguration section */
		4C487E711BF39FC500E595DE /* Debug */ = {
			isa = XCBuildConfiguration;
			buildSettings = {
				ALWAYS_SEARCH_USER_PATHS = NO;
				CLANG_ANALYZER_LOCALIZABILITY_NONLOCALIZED = YES;
				CLANG_CXX_LANGUAGE_STANDARD = "gnu++0x";
				CLANG_CXX_LIBRARY = "libc++";
				CLANG_ENABLE_MODULES = YES;
				CLANG_ENABLE_OBJC_ARC = YES;
				CLANG_WARN_BLOCK_CAPTURE_AUTORELEASING = YES;
				CLANG_WARN_BOOL_CONVERSION = YES;
				CLANG_WARN_COMMA = YES;
				CLANG_WARN_CONSTANT_CONVERSION = YES;
				CLANG_WARN_DIRECT_OBJC_ISA_USAGE = YES_ERROR;
				CLANG_WARN_EMPTY_BODY = YES;
				CLANG_WARN_ENUM_CONVERSION = YES;
				CLANG_WARN_INFINITE_RECURSION = YES;
				CLANG_WARN_INT_CONVERSION = YES;
				CLANG_WARN_NON_LITERAL_NULL_CONVERSION = YES;
				CLANG_WARN_OBJC_LITERAL_CONVERSION = YES;
				CLANG_WARN_OBJC_ROOT_CLASS = YES_ERROR;
				CLANG_WARN_RANGE_LOOP_ANALYSIS = YES;
				CLANG_WARN_STRICT_PROTOTYPES = YES;
				CLANG_WARN_SUSPICIOUS_MOVE = YES;
				CLANG_WARN_UNREACHABLE_CODE = YES;
				CLANG_WARN__DUPLICATE_METHOD_MATCH = YES;
				CODE_SIGN_IDENTITY = "";
				COPY_PHASE_STRIP = NO;
				CURRENT_PROJECT_VERSION = 1;
				DEBUG_INFORMATION_FORMAT = dwarf;
				ENABLE_STRICT_OBJC_MSGSEND = YES;
				ENABLE_TESTABILITY = YES;
				GCC_C_LANGUAGE_STANDARD = gnu99;
				GCC_DYNAMIC_NO_PIC = NO;
				GCC_NO_COMMON_BLOCKS = YES;
				GCC_OPTIMIZATION_LEVEL = 0;
				GCC_PREPROCESSOR_DEFINITIONS = (
					"DEBUG=1",
					"$(inherited)",
				);
				GCC_WARN_64_TO_32_BIT_CONVERSION = YES;
				GCC_WARN_ABOUT_RETURN_TYPE = YES_ERROR;
				GCC_WARN_UNDECLARED_SELECTOR = YES;
				GCC_WARN_UNINITIALIZED_AUTOS = YES_AGGRESSIVE;
				GCC_WARN_UNUSED_FUNCTION = YES;
				GCC_WARN_UNUSED_VARIABLE = YES;
				LD_RUNPATH_SEARCH_PATHS = "$(inherited) @executable_path/../Frameworks @loader_path/Frameworks";
				MACOSX_DEPLOYMENT_TARGET = 10.9;
				MTL_ENABLE_DEBUG_INFO = YES;
				ONLY_ACTIVE_ARCH = YES;
				SDKROOT = macosx;
				WARNING_CFLAGS = "-Wpartial-availability";
			};
			name = Debug;
		};
		4C487E721BF39FC500E595DE /* Release */ = {
			isa = XCBuildConfiguration;
			buildSettings = {
				ALWAYS_SEARCH_USER_PATHS = NO;
				CLANG_ANALYZER_LOCALIZABILITY_NONLOCALIZED = YES;
				CLANG_CXX_LANGUAGE_STANDARD = "gnu++0x";
				CLANG_CXX_LIBRARY = "libc++";
				CLANG_ENABLE_MODULES = YES;
				CLANG_ENABLE_OBJC_ARC = YES;
				CLANG_WARN_BLOCK_CAPTURE_AUTORELEASING = YES;
				CLANG_WARN_BOOL_CONVERSION = YES;
				CLANG_WARN_COMMA = YES;
				CLANG_WARN_CONSTANT_CONVERSION = YES;
				CLANG_WARN_DIRECT_OBJC_ISA_USAGE = YES_ERROR;
				CLANG_WARN_EMPTY_BODY = YES;
				CLANG_WARN_ENUM_CONVERSION = YES;
				CLANG_WARN_INFINITE_RECURSION = YES;
				CLANG_WARN_INT_CONVERSION = YES;
				CLANG_WARN_NON_LITERAL_NULL_CONVERSION = YES;
				CLANG_WARN_OBJC_LITERAL_CONVERSION = YES;
				CLANG_WARN_OBJC_ROOT_CLASS = YES_ERROR;
				CLANG_WARN_RANGE_LOOP_ANALYSIS = YES;
				CLANG_WARN_STRICT_PROTOTYPES = YES;
				CLANG_WARN_SUSPICIOUS_MOVE = YES;
				CLANG_WARN_UNREACHABLE_CODE = YES;
				CLANG_WARN__DUPLICATE_METHOD_MATCH = YES;
				CODE_SIGN_IDENTITY = "";
				COPY_PHASE_STRIP = NO;
				CURRENT_PROJECT_VERSION = 1;
				DEBUG_INFORMATION_FORMAT = "dwarf-with-dsym";
				ENABLE_NS_ASSERTIONS = NO;
				ENABLE_STRICT_OBJC_MSGSEND = YES;
				GCC_C_LANGUAGE_STANDARD = gnu99;
				GCC_NO_COMMON_BLOCKS = YES;
				GCC_WARN_64_TO_32_BIT_CONVERSION = YES;
				GCC_WARN_ABOUT_RETURN_TYPE = YES_ERROR;
				GCC_WARN_UNDECLARED_SELECTOR = YES;
				GCC_WARN_UNINITIALIZED_AUTOS = YES_AGGRESSIVE;
				GCC_WARN_UNUSED_FUNCTION = YES;
				GCC_WARN_UNUSED_VARIABLE = YES;
				LD_RUNPATH_SEARCH_PATHS = "$(inherited) @executable_path/../Frameworks @loader_path/Frameworks";
				MACOSX_DEPLOYMENT_TARGET = 10.9;
				MTL_ENABLE_DEBUG_INFO = NO;
				SDKROOT = macosx;
				WARNING_CFLAGS = "-Wpartial-availability";
			};
			name = Release;
		};
		4C487E741BF39FC500E595DE /* Debug */ = {
			isa = XCBuildConfiguration;
			buildSettings = {
				BUNDLE_LOADER = "";
				COMBINE_HIDPI_IMAGES = YES;
				CURRENT_PROJECT_VERSION = 0.3;
				DEPLOYMENT_LOCATION = YES;
				DSTROOT = "$(HOME)";
				FRAMEWORK_SEARCH_PATHS = (
					"$(inherited)",
					"$(PROJECT_DIR)",
					"$(PROJECT_DIR)/Carthage/Build/Mac",
				);
				HEADER_SEARCH_PATHS = "$(PROJECT_DIR)/../MacPass/**";
				INFOPLIST_FILE = KeyChainAgent/Info.plist;
				INSTALL_PATH = "/Library/Application Support/MacPass";
				LD_RUNPATH_SEARCH_PATHS = "@loader_path/../Frameworks @executable_path/../Frameworks";
				OTHER_LDFLAGS = (
					"-undefined",
					dynamic_lookup,
				);
				PRODUCT_BUNDLE_IDENTIFIER = de.vhschlenker.KeyChainAgent;
				PRODUCT_NAME = "$(TARGET_NAME)";
				SKIP_INSTALL = NO;
				WRAPPER_EXTENSION = mpplugin;
			};
			name = Debug;
		};
		4C487E751BF39FC500E595DE /* Release */ = {
			isa = XCBuildConfiguration;
			buildSettings = {
				BUNDLE_LOADER = "";
				COMBINE_HIDPI_IMAGES = YES;
				CURRENT_PROJECT_VERSION = 0.3;
				DEPLOYMENT_LOCATION = YES;
				DSTROOT = "$(HOME)";
				FRAMEWORK_SEARCH_PATHS = (
					"$(inherited)",
					"$(PROJECT_DIR)",
					"$(PROJECT_DIR)/Carthage/Build/Mac",
				);
				HEADER_SEARCH_PATHS = "$(PROJECT_DIR)/../MacPass/**";
				INFOPLIST_FILE = KeyChainAgent/Info.plist;
				INSTALL_PATH = "/Library/Application Support/MacPass";
				LD_RUNPATH_SEARCH_PATHS = "@loader_path/../Frameworks @executable_path/../Frameworks";
				OTHER_LDFLAGS = (
					"-undefined",
					dynamic_lookup,
				);
				PRODUCT_BUNDLE_IDENTIFIER = de.vhschlenker.KeyChainAgent;
				PRODUCT_NAME = "$(TARGET_NAME)";
				SKIP_INSTALL = NO;
				WRAPPER_EXTENSION = mpplugin;
			};
			name = Release;
		};
/* End XCBuildConfiguration section */

/* Begin XCConfigurationList section */
		4C487E681BF39FC500E595DE /* Build configuration list for PBXProject "KeyChainAgent" */ = {
			isa = XCConfigurationList;
			buildConfigurations = (
				4C487E711BF39FC500E595DE /* Debug */,
				4C487E721BF39FC500E595DE /* Release */,
			);
			defaultConfigurationIsVisible = 0;
			defaultConfigurationName = Release;
		};
		4C487E731BF39FC500E595DE /* Build configuration list for PBXNativeTarget "KeyChainAgent" */ = {
			isa = XCConfigurationList;
			buildConfigurations = (
				4C487E741BF39FC500E595DE /* Debug */,
				4C487E751BF39FC500E595DE /* Release */,
			);
			defaultConfigurationIsVisible = 0;
			defaultConfigurationName = Release;
		};
/* End XCConfigurationList section */
	};
	rootObject = 4C487E651BF39FC500E595DE /* Project object */;
}
